
Microsoft Visual Studio Solution File, Format Version 12.00
# Visual Studio 15
VisualStudioVersion = 15.0.28307.489
MinimumVisualStudioVersion = 10.0.40219.1
Project("{FAE04EC0-301F-11D3-BF4B-00C04F79EFBC}") = "NLPAPI", "NLPAPI\NLPAPI.csproj", "{10B5C8FE-4683-4B23-9B97-E4E8B99DA737}"
EndProject
Global
	GlobalSection(SolutionConfigurationPlatforms) = preSolution
		Debug|Any CPU = Debug|Any CPU
		Release|Any CPU = Release|Any CPU
	EndGlobalSection
	GlobalSection(ProjectConfigurationPlatforms) = postSolution
		{10B5C8FE-4683-4B23-9B97-E4E8B99DA737}.Debug|Any CPU.ActiveCfg = Debug|Any CPU
		{10B5C8FE-4683-4B23-9B97-E4E8B99DA737}.Debug|Any CPU.Build.0 = Debug|Any CPU
		{10B5C8FE-4683-4B23-9B97-E4E8B99DA737}.Release|Any CPU.ActiveCfg = Release|Any CPU
		{10B5C8FE-4683-4B23-9B97-E4E8B99DA737}.Release|Any CPU.Build.0 = Release|Any CPU
	EndGlobalSection
	GlobalSection(SolutionProperties) = preSolution
		HideSolutionNode = FALSE
	EndGlobalSection
	GlobalSection(ExtensibilityGlobals) = postSolution
		SolutionGuid = {3EFE94F9-25A8-400B-8836-51FEF3B1D807}
	EndGlobalSection
EndGlobal
